
Microsoft Visual Studio Solution File, Format Version 12.00
# Visual Studio Version 17
VisualStudioVersion = 17.1.31911.260
MinimumVisualStudioVersion = 10.0.40219.1
Project("{9A19103F-16F7-4668-BE54-9A1E7A4F7556}") = "Sample.Automapper.WebApi", "src\Sample.Automapper.WebApi\Sample.Automapper.WebApi.csproj", "{FE6ADE67-9628-4DFB-BCBC-F078A47BD216}"
EndProject
Project("{9A19103F-16F7-4668-BE54-9A1E7A4F7556}") = "Sample.Automapper.WebApi.Core", "src\Sample.Automapper.WebApi.Core\Sample.Automapper.WebApi.Core.csproj", "{E86ACDF9-F816-44F8-81AF-A1EF71CB91C1}"
EndProject
Project("{FAE04EC0-301F-11D3-BF4B-00C04F79EFBC}") = "Sample.Automapper.Application", "src\Sample.Automapper.Application\Sample.Automapper.Application.csproj", "{FBBEB278-49C1-4C97-A4DD-59C0E40A32EC}"
EndProject
Global
	GlobalSection(SolutionConfigurationPlatforms) = preSolution
		Debug|Any CPU = Debug|Any CPU
		Release|Any CPU = Release|Any CPU
	EndGlobalSection
	GlobalSection(ProjectConfigurationPlatforms) = postSolution
		{FE6ADE67-9628-4DFB-BCBC-F078A47BD216}.Debug|Any CPU.ActiveCfg = Debug|Any CPU
		{FE6ADE67-9628-4DFB-BCBC-F078A47BD216}.Debug|Any CPU.Build.0 = Debug|Any CPU
		{FE6ADE67-9628-4DFB-BCBC-F078A47BD216}.Release|Any CPU.ActiveCfg = Release|Any CPU
		{FE6ADE67-9628-4DFB-BCBC-F078A47BD216}.Release|Any CPU.Build.0 = Release|Any CPU
		{E86ACDF9-F816-44F8-81AF-A1EF71CB91C1}.Debug|Any CPU.ActiveCfg = Debug|Any CPU
		{E86ACDF9-F816-44F8-81AF-A1EF71CB91C1}.Debug|Any CPU.Build.0 = Debug|Any CPU
		{E86ACDF9-F816-44F8-81AF-A1EF71CB91C1}.Release|Any CPU.ActiveCfg = Release|Any CPU
		{E86ACDF9-F816-44F8-81AF-A1EF71CB91C1}.Release|Any CPU.Build.0 = Release|Any CPU
		{FBBEB278-49C1-4C97-A4DD-59C0E40A32EC}.Debug|Any CPU.ActiveCfg = Debug|Any CPU
		{FBBEB278-49C1-4C97-A4DD-59C0E40A32EC}.Debug|Any CPU.Build.0 = Debug|Any CPU
		{FBBEB278-49C1-4C97-A4DD-59C0E40A32EC}.Release|Any CPU.ActiveCfg = Release|Any CPU
		{FBBEB278-49C1-4C97-A4DD-59C0E40A32EC}.Release|Any CPU.Build.0 = Release|Any CPU
	EndGlobalSection
	GlobalSection(SolutionProperties) = preSolution
		HideSolutionNode = FALSE
	EndGlobalSection
	GlobalSection(ExtensibilityGlobals) = postSolution
		SolutionGuid = {C065254B-F1EB-4E25-81CC-0C455B99AF54}
	EndGlobalSection
EndGlobal
